{
  "name": "redbeard-admin",
  "version": "1.0.0",
  "dependencies": {
    "form2js": {
      "version": "1.0.0",
      "from": "form2js@>=1.0.0 <2.0.0",
      "resolved": "https://registry.npmjs.org/form2js/-/form2js-1.0.0.tgz"
    },
    "lodash": {
      "version": "4.6.1",
      "from": "lodash@>=4.1.0 <5.0.0",
      "resolved": "https://registry.npmjs.org/lodash/-/lodash-4.6.1.tgz"
    },
    "react": {
      "version": "0.14.8",
      "from": "react@>=0.14.3 <0.15.0",
      "resolved": "https://registry.npmjs.org/react/-/react-0.14.8.tgz",
      "dependencies": {
        "envify": {
          "version": "3.4.0",
          "from": "envify@>=3.0.0 <4.0.0",
          "resolved": "https://registry.npmjs.org/envify/-/envify-3.4.0.tgz",
          "dependencies": {
            "through": {
              "version": "2.3.8",
              "from": "through@>=2.3.4 <2.4.0",
              "resolved": "https://registry.npmjs.org/through/-/through-2.3.8.tgz"
            },
            "jstransform": {
              "version": "10.1.0",
              "from": "jstransform@>=10.0.1 <11.0.0",
              "resolved": "https://registry.npmjs.org/jstransform/-/jstransform-10.1.0.tgz",
              "dependencies": {
                "base62": {
                  "version": "0.1.1",
                  "from": "base62@0.1.1",
                  "resolved": "https://registry.npmjs.org/base62/-/base62-0.1.1.tgz"
                },
                "esprima-fb": {
                  "version": "13001.1001.0-dev-harmony-fb",
                  "from": "esprima-fb@13001.1001.0-dev-harmony-fb",
                  "resolved": "https://registry.npmjs.org/esprima-fb/-/esprima-fb-13001.1001.0-dev-harmony-fb.tgz"
                },
                "source-map": {
                  "version": "0.1.31",
                  "from": "source-map@0.1.31",
                  "resolved": "https://registry.npmjs.org/source-map/-/source-map-0.1.31.tgz",
                  "dependencies": {
                    "amdefine": {
                      "version": "1.0.0",
                      "from": "amdefine@>=0.0.4",
                      "resolved": "https://registry.npmjs.org/amdefine/-/amdefine-1.0.0.tgz"
                    }
                  }
                }
              }
            }
          }
        },
        "fbjs": {
          "version": "0.6.1",
          "from": "fbjs@>=0.6.1 <0.7.0",
          "resolved": "https://registry.npmjs.org/fbjs/-/fbjs-0.6.1.tgz",
          "dependencies": {
            "core-js": {
              "version": "1.2.6",
              "from": "core-js@>=1.0.0 <2.0.0",
              "resolved": "https://registry.npmjs.org/core-js/-/core-js-1.2.6.tgz"
            },
            "loose-envify": {
              "version": "1.1.0",
              "from": "loose-envify@>=1.0.0 <2.0.0",
              "resolved": "https://registry.npmjs.org/loose-envify/-/loose-envify-1.1.0.tgz",
              "dependencies": {
                "js-tokens": {
                  "version": "1.0.3",
                  "from": "js-tokens@>=1.0.1 <2.0.0",
                  "resolved": "https://registry.npmjs.org/js-tokens/-/js-tokens-1.0.3.tgz"
                }
              }
            },
            "promise": {
              "version": "7.1.1",
              "from": "promise@>=7.0.3 <8.0.0",
              "resolved": "https://registry.npmjs.org/promise/-/promise-7.1.1.tgz",
              "dependencies": {
                "asap": {
                  "version": "2.0.3",
                  "from": "asap@>=2.0.3 <2.1.0",
                  "resolved": "https://registry.npmjs.org/asap/-/asap-2.0.3.tgz"
                }
              }
            },
            "ua-parser-js": {
              "version": "0.7.10",
              "from": "ua-parser-js@>=0.7.9 <0.8.0",
              "resolved": "https://registry.npmjs.org/ua-parser-js/-/ua-parser-js-0.7.10.tgz"
            },
            "whatwg-fetch": {
              "version": "0.9.0",
              "from": "whatwg-fetch@>=0.9.0 <0.10.0",
              "resolved": "https://registry.npmjs.org/whatwg-fetch/-/whatwg-fetch-0.9.0.tgz"
            }
          }
        }
      }
    },
    "react-dom": {
      "version": "0.14.8",
      "from": "react-dom@>=0.14.3 <0.15.0",
      "resolved": "https://registry.npmjs.org/react-dom/-/react-dom-0.14.8.tgz"
    },
    "react-redux": {
      "version": "4.4.2",
      "from": "react-redux@*",
      "resolved": "https://registry.npmjs.org/react-redux/-/react-redux-4.4.2.tgz",
      "dependencies": {
        "hoist-non-react-statics": {
          "version": "1.0.5",
          "from": "hoist-non-react-statics@>=1.0.3 <2.0.0",
          "resolved": "https://registry.npmjs.org/hoist-non-react-statics/-/hoist-non-react-statics-1.0.5.tgz"
        },
        "invariant": {
          "version": "2.2.1",
          "from": "invariant@>=2.0.0 <3.0.0",
          "resolved": "https://registry.npmjs.org/invariant/-/invariant-2.2.1.tgz"
        },
        "loose-envify": {
          "version": "1.1.0",
          "from": "loose-envify@>=1.1.0 <2.0.0",
          "resolved": "https://registry.npmjs.org/loose-envify/-/loose-envify-1.1.0.tgz",
          "dependencies": {
            "js-tokens": {
              "version": "1.0.3",
              "from": "js-tokens@>=1.0.1 <2.0.0",
              "resolved": "https://registry.npmjs.org/js-tokens/-/js-tokens-1.0.3.tgz"
            }
          }
        }
      }
    },
    "react-resolver": {
      "version": "3.0.1",
      "from": "react-resolver@*",
      "resolved": "https://registry.npmjs.org/react-resolver/-/react-resolver-3.0.1.tgz"
    },
    "redux": {
      "version": "3.4.0",
      "from": "redux@*",
      "resolved": "https://registry.npmjs.org/redux/-/redux-3.4.0.tgz",
      "dependencies": {
        "lodash-es": {
          "version": "4.10.0",
          "from": "lodash-es@>=4.2.1 <5.0.0",
          "resolved": "https://registry.npmjs.org/lodash-es/-/lodash-es-4.10.0.tgz"
        },
        "loose-envify": {
          "version": "1.1.0",
          "from": "loose-envify@>=1.1.0 <2.0.0",
          "resolved": "https://registry.npmjs.org/loose-envify/-/loose-envify-1.1.0.tgz",
          "dependencies": {
            "js-tokens": {
              "version": "1.0.3",
              "from": "js-tokens@>=1.0.1 <2.0.0",
              "resolved": "https://registry.npmjs.org/js-tokens/-/js-tokens-1.0.3.tgz"
            }
          }
        }
      }
    },
    "redux-actions": {
      "version": "0.9.1",
      "from": "redux-actions@*",
      "resolved": "https://registry.npmjs.org/redux-actions/-/redux-actions-0.9.1.tgz",
      "dependencies": {
        "flux-standard-action": {
          "version": "0.6.1",
          "from": "flux-standard-action@>=0.6.0 <0.7.0",
          "resolved": "https://registry.npmjs.org/flux-standard-action/-/flux-standard-action-0.6.1.tgz",
          "dependencies": {
            "lodash.isplainobject": {
              "version": "3.2.0",
              "from": "lodash.isplainobject@>=3.2.0 <4.0.0",
              "resolved": "https://registry.npmjs.org/lodash.isplainobject/-/lodash.isplainobject-3.2.0.tgz",
              "dependencies": {
                "lodash._basefor": {
                  "version": "3.0.3",
                  "from": "lodash._basefor@>=3.0.0 <4.0.0",
                  "resolved": "https://registry.npmjs.org/lodash._basefor/-/lodash._basefor-3.0.3.tgz"
                },
                "lodash.isarguments": {
                  "version": "3.0.8",
                  "from": "lodash.isarguments@>=3.0.0 <4.0.0",
                  "resolved": "https://registry.npmjs.org/lodash.isarguments/-/lodash.isarguments-3.0.8.tgz"
                },
                "lodash.keysin": {
                  "version": "3.0.8",
                  "from": "lodash.keysin@>=3.0.0 <4.0.0",
                  "resolved": "https://registry.npmjs.org/lodash.keysin/-/lodash.keysin-3.0.8.tgz",
                  "dependencies": {
                    "lodash.isarray": {
                      "version": "3.0.4",
                      "from": "lodash.isarray@>=3.0.0 <4.0.0",
                      "resolved": "https://registry.npmjs.org/lodash.isarray/-/lodash.isarray-3.0.4.tgz"
                    }
                  }
                }
              }
            }
          }
        },
        "reduce-reducers": {
          "version": "0.1.2",
          "from": "reduce-reducers@>=0.1.0 <0.2.0",
          "resolved": "https://registry.npmjs.org/reduce-reducers/-/reduce-reducers-0.1.2.tgz"
        }
      }
    },
    "redux-logger": {
      "version": "2.6.1",
      "from": "redux-logger@*",
      "resolved": "https://registry.npmjs.org/redux-logger/-/redux-logger-2.6.1.tgz"
    },
    "socket.io-client": {
      "version": "1.4.5",
      "from": "socket.io-client@>=1.4.5 <2.0.0",
      "resolved": "https://registry.npmjs.org/socket.io-client/-/socket.io-client-1.4.5.tgz",
      "dependencies": {
        "debug": {
          "version": "2.2.0",
          "from": "debug@2.2.0",
          "resolved": "https://registry.npmjs.org/debug/-/debug-2.2.0.tgz",
          "dependencies": {
            "ms": {
              "version": "0.7.1",
              "from": "ms@0.7.1",
              "resolved": "https://registry.npmjs.org/ms/-/ms-0.7.1.tgz"
            }
          }
        },
        "engine.io-client": {
          "version": "1.6.8",
          "from": "engine.io-client@1.6.8",
          "resolved": "https://registry.npmjs.org/engine.io-client/-/engine.io-client-1.6.8.tgz",
          "dependencies": {
            "has-cors": {
              "version": "1.1.0",
              "from": "has-cors@1.1.0",
              "resolved": "https://registry.npmjs.org/has-cors/-/has-cors-1.1.0.tgz"
            },
            "ws": {
              "version": "1.0.1",
              "from": "ws@1.0.1",
              "resolved": "https://registry.npmjs.org/ws/-/ws-1.0.1.tgz",
              "dependencies": {
                "options": {
                  "version": "0.0.6",
                  "from": "options@>=0.0.5",
                  "resolved": "https://registry.npmjs.org/options/-/options-0.0.6.tgz"
                },
                "ultron": {
                  "version": "1.0.2",
                  "from": "ultron@>=1.0.0 <1.1.0",
                  "resolved": "https://registry.npmjs.org/ultron/-/ultron-1.0.2.tgz"
                }
              }
            },
            "xmlhttprequest-ssl": {
              "version": "1.5.1",
              "from": "xmlhttprequest-ssl@1.5.1",
              "resolved": "https://registry.npmjs.org/xmlhttprequest-ssl/-/xmlhttprequest-ssl-1.5.1.tgz"
            },
            "component-emitter": {
              "version": "1.1.2",
              "from": "component-emitter@1.1.2",
              "resolved": "https://registry.npmjs.org/component-emitter/-/component-emitter-1.1.2.tgz"
            },
            "engine.io-parser": {
              "version": "1.2.4",
              "from": "engine.io-parser@1.2.4",
              "resolved": "https://registry.npmjs.org/engine.io-parser/-/engine.io-parser-1.2.4.tgz",
              "dependencies": {
                "after": {
                  "version": "0.8.1",
                  "from": "after@0.8.1",
                  "resolved": "https://registry.npmjs.org/after/-/after-0.8.1.tgz"
                },
                "arraybuffer.slice": {
                  "version": "0.0.6",
                  "from": "arraybuffer.slice@0.0.6",
                  "resolved": "https://registry.npmjs.org/arraybuffer.slice/-/arraybuffer.slice-0.0.6.tgz"
                },
                "base64-arraybuffer": {
                  "version": "0.1.2",
                  "from": "base64-arraybuffer@0.1.2",
                  "resolved": "https://registry.npmjs.org/base64-arraybuffer/-/base64-arraybuffer-0.1.2.tgz"
                },
                "blob": {
                  "version": "0.0.4",
                  "from": "blob@0.0.4",
                  "resolved": "https://registry.npmjs.org/blob/-/blob-0.0.4.tgz"
                },
                "has-binary": {
                  "version": "0.1.6",
                  "from": "has-binary@0.1.6",
                  "resolved": "https://registry.npmjs.org/has-binary/-/has-binary-0.1.6.tgz",
                  "dependencies": {
                    "isarray": {
                      "version": "0.0.1",
                      "from": "isarray@0.0.1",
                      "resolved": "https://registry.npmjs.org/isarray/-/isarray-0.0.1.tgz"
                    }
                  }
                },
                "utf8": {
                  "version": "2.1.0",
                  "from": "utf8@2.1.0",
                  "resolved": "https://registry.npmjs.org/utf8/-/utf8-2.1.0.tgz"
                }
              }
            },
            "parsejson": {
              "version": "0.0.1",
              "from": "parsejson@0.0.1",
              "resolved": "https://registry.npmjs.org/parsejson/-/parsejson-0.0.1.tgz",
              "dependencies": {
                "better-assert": {
                  "version": "1.0.2",
                  "from": "better-assert@>=1.0.0 <1.1.0",
                  "resolved": "https://registry.npmjs.org/better-assert/-/better-assert-1.0.2.tgz",
                  "dependencies": {
                    "callsite": {
                      "version": "1.0.0",
                      "from": "callsite@1.0.0",
                      "resolved": "https://registry.npmjs.org/callsite/-/callsite-1.0.0.tgz"
                    }
                  }
                }
              }
            },
            "parseqs": {
              "version": "0.0.2",
              "from": "parseqs@0.0.2",
              "resolved": "https://registry.npmjs.org/parseqs/-/parseqs-0.0.2.tgz",
              "dependencies": {
                "better-assert": {
                  "version": "1.0.2",
                  "from": "better-assert@>=1.0.0 <1.1.0",
                  "resolved": "https://registry.npmjs.org/better-assert/-/better-assert-1.0.2.tgz",
                  "dependencies": {
                    "callsite": {
                      "version": "1.0.0",
                      "from": "callsite@1.0.0",
                      "resolved": "https://registry.npmjs.org/callsite/-/callsite-1.0.0.tgz"
                    }
                  }
                }
              }
            },
            "component-inherit": {
              "version": "0.0.3",
              "from": "component-inherit@0.0.3",
              "resolved": "https://registry.npmjs.org/component-inherit/-/component-inherit-0.0.3.tgz"
            },
            "yeast": {
              "version": "0.1.2",
              "from": "yeast@0.1.2",
              "resolved": "https://registry.npmjs.org/yeast/-/yeast-0.1.2.tgz"
            }
          }
        },
        "component-bind": {
          "version": "1.0.0",
          "from": "component-bind@1.0.0",
          "resolved": "https://registry.npmjs.org/component-bind/-/component-bind-1.0.0.tgz"
        },
        "component-emitter": {
          "version": "1.2.0",
          "from": "component-emitter@1.2.0",
          "resolved": "https://registry.npmjs.org/component-emitter/-/component-emitter-1.2.0.tgz"
        },
        "object-component": {
          "version": "0.0.3",
          "from": "object-component@0.0.3",
          "resolved": "https://registry.npmjs.org/object-component/-/object-component-0.0.3.tgz"
        },
        "socket.io-parser": {
          "version": "2.2.6",
          "from": "socket.io-parser@2.2.6",
          "resolved": "https://registry.npmjs.org/socket.io-parser/-/socket.io-parser-2.2.6.tgz",
          "dependencies": {
            "json3": {
              "version": "3.3.2",
              "from": "json3@3.3.2",
              "resolved": "https://registry.npmjs.org/json3/-/json3-3.3.2.tgz"
            },
            "component-emitter": {
              "version": "1.1.2",
              "from": "component-emitter@1.1.2",
              "resolved": "https://registry.npmjs.org/component-emitter/-/component-emitter-1.1.2.tgz"
            },
            "isarray": {
              "version": "0.0.1",
              "from": "isarray@0.0.1",
              "resolved": "https://registry.npmjs.org/isarray/-/isarray-0.0.1.tgz"
            },
            "benchmark": {
              "version": "1.0.0",
              "from": "benchmark@1.0.0",
              "resolved": "https://registry.npmjs.org/benchmark/-/benchmark-1.0.0.tgz"
            }
          }
        },
        "has-binary": {
          "version": "0.1.7",
          "from": "has-binary@0.1.7",
          "resolved": "https://registry.npmjs.org/has-binary/-/has-binary-0.1.7.tgz",
          "dependencies": {
            "isarray": {
              "version": "0.0.1",
              "from": "isarray@0.0.1",
              "resolved": "https://registry.npmjs.org/isarray/-/isarray-0.0.1.tgz"
            }
          }
        },
        "indexof": {
          "version": "0.0.1",
          "from": "indexof@0.0.1",
          "resolved": "https://registry.npmjs.org/indexof/-/indexof-0.0.1.tgz"
        },
        "parseuri": {
          "version": "0.0.4",
          "from": "parseuri@0.0.4",
          "resolved": "https://registry.npmjs.org/parseuri/-/parseuri-0.0.4.tgz",
          "dependencies": {
            "better-assert": {
              "version": "1.0.2",
              "from": "better-assert@>=1.0.0 <1.1.0",
              "resolved": "https://registry.npmjs.org/better-assert/-/better-assert-1.0.2.tgz",
              "dependencies": {
                "callsite": {
                  "version": "1.0.0",
                  "from": "callsite@1.0.0",
                  "resolved": "https://registry.npmjs.org/callsite/-/callsite-1.0.0.tgz"
                }
              }
            }
          }
        },
        "to-array": {
          "version": "0.1.4",
          "from": "to-array@0.1.4",
          "resolved": "https://registry.npmjs.org/to-array/-/to-array-0.1.4.tgz"
        },
        "backo2": {
          "version": "1.0.2",
          "from": "backo2@1.0.2",
          "resolved": "https://registry.npmjs.org/backo2/-/backo2-1.0.2.tgz"
        }
      }
    }
  }
}
